
Microsoft Visual Studio Solution File, Format Version 12.00
# Visual Studio Version 16
VisualStudioVersion = 16.0.32630.194
MinimumVisualStudioVersion = 10.0.40219.1
Project("{FAE04EC0-301F-11D3-BF4B-00C04F79EFBC}") = "Task_1", "Task_1\Task_1.csproj", "{36EB3F90-3E13-40F4-B3C1-8A36CC0E7C92}"
EndProject
Project("{FAE04EC0-301F-11D3-BF4B-00C04F79EFBC}") = "Task_2", "Task_2\Task_2.csproj", "{2BE7E997-069E-428E-9702-23EA6E820E7E}"
EndProject
Global
	GlobalSection(SolutionConfigurationPlatforms) = preSolution
		Debug|Any CPU = Debug|Any CPU
		Release|Any CPU = Release|Any CPU
	EndGlobalSection
	GlobalSection(ProjectConfigurationPlatforms) = postSolution
		{36EB3F90-3E13-40F4-B3C1-8A36CC0E7C92}.Debug|Any CPU.ActiveCfg = Debug|Any CPU
		{36EB3F90-3E13-40F4-B3C1-8A36CC0E7C92}.Debug|Any CPU.Build.0 = Debug|Any CPU
		{36EB3F90-3E13-40F4-B3C1-8A36CC0E7C92}.Release|Any CPU.ActiveCfg = Release|Any CPU
		{36EB3F90-3E13-40F4-B3C1-8A36CC0E7C92}.Release|Any CPU.Build.0 = Release|Any CPU
		{2BE7E997-069E-428E-9702-23EA6E820E7E}.Debug|Any CPU.ActiveCfg = Debug|Any CPU
		{2BE7E997-069E-428E-9702-23EA6E820E7E}.Debug|Any CPU.Build.0 = Debug|Any CPU
		{2BE7E997-069E-428E-9702-23EA6E820E7E}.Release|Any CPU.ActiveCfg = Release|Any CPU
		{2BE7E997-069E-428E-9702-23EA6E820E7E}.Release|Any CPU.Build.0 = Release|Any CPU
	EndGlobalSection
	GlobalSection(SolutionProperties) = preSolution
		HideSolutionNode = FALSE
	EndGlobalSection
	GlobalSection(ExtensibilityGlobals) = postSolution
		SolutionGuid = {382A459B-405D-4C7D-8C37-A75357FD31C1}
	EndGlobalSection
EndGlobal
